
Microsoft Visual Studio Solution File, Format Version 12.00
# Visual Studio Version 17
VisualStudioVersion = 17.8.34601.278
MinimumVisualStudioVersion = 10.0.40219.1
Project("{FAE04EC0-301F-11D3-BF4B-00C04F79EFBC}") = "DnsWin", "DnsWin\DnsWin.csproj", "{613CCCF5-838F-4978-8E8C-B8BE2169142F}"
EndProject
Global
	GlobalSection(SolutionConfigurationPlatforms) = preSolution
		Debug|Any CPU = Debug|Any CPU
		Release|Any CPU = Release|Any CPU
	EndGlobalSection
	GlobalSection(ProjectConfigurationPlatforms) = postSolution
		{613CCCF5-838F-4978-8E8C-B8BE2169142F}.Debug|Any CPU.ActiveCfg = Debug|Any CPU
		{613CCCF5-838F-4978-8E8C-B8BE2169142F}.Debug|Any CPU.Build.0 = Debug|Any CPU
		{613CCCF5-838F-4978-8E8C-B8BE2169142F}.Release|Any CPU.ActiveCfg = Release|Any CPU
		{613CCCF5-838F-4978-8E8C-B8BE2169142F}.Release|Any CPU.Build.0 = Release|Any CPU
	EndGlobalSection
	GlobalSection(SolutionProperties) = preSolution
		HideSolutionNode = FALSE
	EndGlobalSection
	GlobalSection(ExtensibilityGlobals) = postSolution
		SolutionGuid = {7E946901-CBB0-4484-B6B6-4A4D27748596}
	EndGlobalSection
EndGlobal
